
Microsoft Visual Studio Solution File, Format Version 12.00
# Visual Studio 14
VisualStudioVersion = 14.0.25420.1
MinimumVisualStudioVersion = 10.0.40219.1
Project("{8BC9CEB8-8B4A-11D0-8D11-00A0C91BC942}") = "1-1", "1-1\1-1.vcxproj", "{D115EA6A-4F8E-4172-8A57-F671575BDDEB}"
EndProject
Project("{8BC9CEB8-8B4A-11D0-8D11-00A0C91BC942}") = "1-3", "1-3\1-3.vcxproj", "{FBDFB6B8-1DA3-40FD-899A-62A9CBE63366}"
EndProject
Project("{8BC9CEB8-8B4A-11D0-8D11-00A0C91BC942}") = "链表", "List\List.vcxproj", "{0309A28A-B0BC-4222-A225-658D15A85A90}"
EndProject
Project("{8BC9CEB8-8B4A-11D0-8D11-00A0C91BC942}") = "多项式ADT", "多项式ADT\多项式ADT.vcxproj", "{CA6FC4B2-DF36-49D0-9FD7-29BDA6901D92}"
EndProject
Project("{8BC9CEB8-8B4A-11D0-8D11-00A0C91BC942}") = "链表多项式", "链表多项式\链表多项式.vcxproj", "{EEAE7A95-39FC-4EB5-B9C8-BAB77BE700F1}"
EndProject
Project("{8BC9CEB8-8B4A-11D0-8D11-00A0C91BC942}") = "静态链表（游标链表）有问题", "静态链表（游标链表）\静态链表（游标链表）.vcxproj", "{5EAE5844-A0FA-4544-8A59-190F7AB3E3D2}"
EndProject
Project("{8BC9CEB8-8B4A-11D0-8D11-00A0C91BC942}") = "栈-基于指针", "栈-基于指针\栈-基于指针.vcxproj", "{1031B763-B424-4087-B136-43B189F493C0}"
EndProject
Project("{8BC9CEB8-8B4A-11D0-8D11-00A0C91BC942}") = "栈-基于数组", "栈-基于数组\栈-基于数组.vcxproj", "{90D49FBC-31B3-4208-8A21-C5A5BB421D30}"
EndProject
Project("{8BC9CEB8-8B4A-11D0-8D11-00A0C91BC942}") = "队列-基于数组", "队列-基于数组\队列-基于数组.vcxproj", "{50C59D8C-43ED-4FD1-9AF3-2B3493E004E7}"
EndProject
Project("{8BC9CEB8-8B4A-11D0-8D11-00A0C91BC942}") = "队列-基于链表", "队列-基于指针\队列-基于指针.vcxproj", "{CEFF4AA3-FEC9-4E2C-A6AA-1B0509E80642}"
EndProject
Project("{8BC9CEB8-8B4A-11D0-8D11-00A0C91BC942}") = "二叉查找树", "二叉查找树\二叉查找树.vcxproj", "{CCF16E4B-2955-4215-9339-9AB1C11CE531}"
EndProject
Project("{8BC9CEB8-8B4A-11D0-8D11-00A0C91BC942}") = "AVL树", "AVL树\AVL树.vcxproj", "{84DBC9BB-3B34-4BF9-AA13-81078B02AC49}"
EndProject
Project("{8BC9CEB8-8B4A-11D0-8D11-00A0C91BC942}") = "分离链接散列表", "分离链接散列表\分离链接散列表.vcxproj", "{4EFAA3A7-A517-494B-8276-84E84A296C18}"
EndProject
Project("{8BC9CEB8-8B4A-11D0-8D11-00A0C91BC942}") = "开放定址法散列表", "开放定址法散列表\开放定址法散列表.vcxproj", "{06AA77DD-62B4-4A3E-B39E-94A45E597CE6}"
EndProject
Project("{8BC9CEB8-8B4A-11D0-8D11-00A0C91BC942}") = "优先队列—二叉堆", "优先队列—二叉堆\优先队列—二叉堆.vcxproj", "{5652464A-3FA8-49AE-BC51-FCB3BD5B7567}"
EndProject
Project("{8BC9CEB8-8B4A-11D0-8D11-00A0C91BC942}") = "左倾（式）堆", "左倾（式）堆\左倾（式）堆.vcxproj", "{361E9189-CD75-4265-8F32-0ABE7FB92ACE}"
EndProject
Project("{8BC9CEB8-8B4A-11D0-8D11-00A0C91BC942}") = "二项队列（有问题）", "二项队列\二项队列.vcxproj", "{CB2826D8-C1F8-4AE8-9326-4902C14CE151}"
EndProject
Project("{8BC9CEB8-8B4A-11D0-8D11-00A0C91BC942}") = "插入排序", "插入排序\插入排序.vcxproj", "{7E384EFA-73BA-4D7D-ADB3-28418F4917FE}"
EndProject
Project("{8BC9CEB8-8B4A-11D0-8D11-00A0C91BC942}") = "希尔排序", "希尔排序\希尔排序.vcxproj", "{DF036DC5-65E6-4E89-AFE3-0E9969CB01DF}"
EndProject
Project("{8BC9CEB8-8B4A-11D0-8D11-00A0C91BC942}") = "堆排序—需要附加数组", "堆排序—需要附加数组\堆排序—需要附加数组.vcxproj", "{80AF47DA-A80C-44CA-9E94-FA65AA49B7BC}"
EndProject
Project("{8BC9CEB8-8B4A-11D0-8D11-00A0C91BC942}") = "堆排序-max堆", "堆排序-max堆\堆排序-max堆.vcxproj", "{0AF1EC41-305D-48CF-A0A8-705417D15C8C}"
EndProject
Project("{8BC9CEB8-8B4A-11D0-8D11-00A0C91BC942}") = "归并排序", "归并排序\归并排序.vcxproj", "{3773D2A4-457B-4C2D-B57F-3834346B3CE4}"
EndProject
Project("{8BC9CEB8-8B4A-11D0-8D11-00A0C91BC942}") = "快速排序", "快速排序\快速排序.vcxproj", "{A0885239-3783-40D8-8C48-80D9288C73B5}"
EndProject
Project("{8BC9CEB8-8B4A-11D0-8D11-00A0C91BC942}") = "快速选择—基于快速排序思想", "快速选择—基于快速排序思想\快速选择—基于快速排序思想.vcxproj", "{0AF7A96F-306B-43F9-BB59-517AD8FE7219}"
EndProject
Project("{8BC9CEB8-8B4A-11D0-8D11-00A0C91BC942}") = "桶式排序", "桶式排序\桶式排序.vcxproj", "{DCFCE33B-6740-45D2-BA58-C50FDC5A1AB8}"
EndProject
Project("{8BC9CEB8-8B4A-11D0-8D11-00A0C91BC942}") = "图形库测试", "图形库测试\图形库测试.vcxproj", "{AFB93EFD-B99E-45F5-A52D-44C7163BA7C8}"
EndProject
Project("{8BC9CEB8-8B4A-11D0-8D11-00A0C91BC942}") = "图论—邻接表（无向图）", "图论—邻接表\图论—邻接表.vcxproj", "{80AA18EB-A2D6-4ECE-89B5-DDF0B9DBAEFE}"
EndProject
Project("{8BC9CEB8-8B4A-11D0-8D11-00A0C91BC942}") = "图论—邻接表（有向图）", "图论—邻接表（有向图）\图论—邻接表（有向图）.vcxproj", "{1703528A-BCE2-4909-8160-6DABF4D23484}"
EndProject
Project("{8BC9CEB8-8B4A-11D0-8D11-00A0C91BC942}") = "图论—邻接矩阵（无向图）", "图论—邻接矩阵\图论—邻接矩阵.vcxproj", "{EF6CDC8D-A6B2-488A-85F8-0112D8282099}"
EndProject
Project("{8BC9CEB8-8B4A-11D0-8D11-00A0C91BC942}") = "图论—邻接矩阵（有向图）", "图论—邻接矩阵（有向图）\图论—邻接矩阵（有向图）.vcxproj", "{0FCD3FAE-6194-4A4A-94FE-5F49A049EF44}"
EndProject
Project("{8BC9CEB8-8B4A-11D0-8D11-00A0C91BC942}") = "图论—深度优先遍历—邻接矩阵", "图论—深度优先遍历—邻接矩阵\图论—深度优先遍历—邻接矩阵.vcxproj", "{A5AE54EC-5F72-457B-B325-BEE4B0B051BB}"
EndProject
Project("{8BC9CEB8-8B4A-11D0-8D11-00A0C91BC942}") = "图论—深度优先遍历—邻接表", "图论—深度优先遍历—邻接表\图论—深度优先遍历—邻接表.vcxproj", "{5DBC55EB-4FAE-4508-B2E8-E1BCD5996FDB}"
EndProject
Project("{8BC9CEB8-8B4A-11D0-8D11-00A0C91BC942}") = "图论—广度优先遍历—邻接矩阵", "图论—广度优先遍历—邻接矩阵\图论—广度优先遍历—邻接矩阵.vcxproj", "{CD9087BF-2C38-4CC5-8B12-E05DEB828578}"
EndProject
Project("{8BC9CEB8-8B4A-11D0-8D11-00A0C91BC942}") = "图论—广度优先遍历—邻接表", "图论—广度优先遍历—邻接表\图论—广度优先遍历—邻接表.vcxproj", "{9FF9D0F5-3D75-4A5E-B9FD-3F0F1C91E5AC}"
EndProject
Project("{8BC9CEB8-8B4A-11D0-8D11-00A0C91BC942}") = "图论—最小生成树—普里姆（Prim）算法", "图论—最小生成树—普里姆（Prim）算法\图论—最小生成树—普里姆（Prim）算法.vcxproj", "{1377D36E-7407-4547-9846-0EC89CB3BA0D}"
EndProject
Project("{8BC9CEB8-8B4A-11D0-8D11-00A0C91BC942}") = "图论—最小生成树—克鲁斯卡尔算法（Kruskal)", "图论—最小生成树—克鲁斯卡尔算法（Kruskal)\图论—最小生成树—克鲁斯卡尔算法（Kruskal).vcxproj", "{A278A1C3-AC5B-4C04-A886-909BA7116C57}"
EndProject
Project("{8BC9CEB8-8B4A-11D0-8D11-00A0C91BC942}") = "图论—最短路径—迪杰斯特拉算法（Dijkstra）", "图论—最短路径—迪杰斯特拉算法（Dijkstra）\图论—最短路径—迪杰斯特拉算法（Dijkstra）.vcxproj", "{2240E8AC-A7A0-4706-8CD5-9E6764572039}"
EndProject
Project("{8BC9CEB8-8B4A-11D0-8D11-00A0C91BC942}") = "test", "test\test.vcxproj", "{4E8A9A43-CA65-4058-8FA5-FCAB51472144}"
EndProject
Global
	GlobalSection(SolutionConfigurationPlatforms) = preSolution
		Debug|x64 = Debug|x64
		Debug|x86 = Debug|x86
		Release|x64 = Release|x64
		Release|x86 = Release|x86
	EndGlobalSection
	GlobalSection(ProjectConfigurationPlatforms) = postSolution
		{D115EA6A-4F8E-4172-8A57-F671575BDDEB}.Debug|x64.ActiveCfg = Debug|x64
		{D115EA6A-4F8E-4172-8A57-F671575BDDEB}.Debug|x64.Build.0 = Debug|x64
		{D115EA6A-4F8E-4172-8A57-F671575BDDEB}.Debug|x86.ActiveCfg = Debug|Win32
		{D115EA6A-4F8E-4172-8A57-F671575BDDEB}.Debug|x86.Build.0 = Debug|Win32
		{D115EA6A-4F8E-4172-8A57-F671575BDDEB}.Release|x64.ActiveCfg = Release|x64
		{D115EA6A-4F8E-4172-8A57-F671575BDDEB}.Release|x64.Build.0 = Release|x64
		{D115EA6A-4F8E-4172-8A57-F671575BDDEB}.Release|x86.ActiveCfg = Release|Win32
		{D115EA6A-4F8E-4172-8A57-F671575BDDEB}.Release|x86.Build.0 = Release|Win32
		{FBDFB6B8-1DA3-40FD-899A-62A9CBE63366}.Debug|x64.ActiveCfg = Debug|x64
		{FBDFB6B8-1DA3-40FD-899A-62A9CBE63366}.Debug|x64.Build.0 = Debug|x64
		{FBDFB6B8-1DA3-40FD-899A-62A9CBE63366}.Debug|x86.ActiveCfg = Debug|Win32
		{FBDFB6B8-1DA3-40FD-899A-62A9CBE63366}.Debug|x86.Build.0 = Debug|Win32
		{FBDFB6B8-1DA3-40FD-899A-62A9CBE63366}.Release|x64.ActiveCfg = Release|x64
		{FBDFB6B8-1DA3-40FD-899A-62A9CBE63366}.Release|x64.Build.0 = Release|x64
		{FBDFB6B8-1DA3-40FD-899A-62A9CBE63366}.Release|x86.ActiveCfg = Release|Win32
		{FBDFB6B8-1DA3-40FD-899A-62A9CBE63366}.Release|x86.Build.0 = Release|Win32
		{0309A28A-B0BC-4222-A225-658D15A85A90}.Debug|x64.ActiveCfg = Debug|x64
		{0309A28A-B0BC-4222-A225-658D15A85A90}.Debug|x64.Build.0 = Debug|x64
		{0309A28A-B0BC-4222-A225-658D15A85A90}.Debug|x86.ActiveCfg = Debug|Win32
		{0309A28A-B0BC-4222-A225-658D15A85A90}.Debug|x86.Build.0 = Debug|Win32
		{0309A28A-B0BC-4222-A225-658D15A85A90}.Release|x64.ActiveCfg = Release|x64
		{0309A28A-B0BC-4222-A225-658D15A85A90}.Release|x64.Build.0 = Release|x64
		{0309A28A-B0BC-4222-A225-658D15A85A90}.Release|x86.ActiveCfg = Release|Win32
		{0309A28A-B0BC-4222-A225-658D15A85A90}.Release|x86.Build.0 = Release|Win32
		{CA6FC4B2-DF36-49D0-9FD7-29BDA6901D92}.Debug|x64.ActiveCfg = Debug|x64
		{CA6FC4B2-DF36-49D0-9FD7-29BDA6901D92}.Debug|x64.Build.0 = Debug|x64
		{CA6FC4B2-DF36-49D0-9FD7-29BDA6901D92}.Debug|x86.ActiveCfg = Debug|Win32
		{CA6FC4B2-DF36-49D0-9FD7-29BDA6901D92}.Debug|x86.Build.0 = Debug|Win32
		{CA6FC4B2-DF36-49D0-9FD7-29BDA6901D92}.Release|x64.ActiveCfg = Release|x64
		{CA6FC4B2-DF36-49D0-9FD7-29BDA6901D92}.Release|x64.Build.0 = Release|x64
		{CA6FC4B2-DF36-49D0-9FD7-29BDA6901D92}.Release|x86.ActiveCfg = Release|Win32
		{CA6FC4B2-DF36-49D0-9FD7-29BDA6901D92}.Release|x86.Build.0 = Release|Win32
		{EEAE7A95-39FC-4EB5-B9C8-BAB77BE700F1}.Debug|x64.ActiveCfg = Debug|x64
		{EEAE7A95-39FC-4EB5-B9C8-BAB77BE700F1}.Debug|x64.Build.0 = Debug|x64
		{EEAE7A95-39FC-4EB5-B9C8-BAB77BE700F1}.Debug|x86.ActiveCfg = Debug|Win32
		{EEAE7A95-39FC-4EB5-B9C8-BAB77BE700F1}.Debug|x86.Build.0 = Debug|Win32
		{EEAE7A95-39FC-4EB5-B9C8-BAB77BE700F1}.Release|x64.ActiveCfg = Release|x64
		{EEAE7A95-39FC-4EB5-B9C8-BAB77BE700F1}.Release|x64.Build.0 = Release|x64
		{EEAE7A95-39FC-4EB5-B9C8-BAB77BE700F1}.Release|x86.ActiveCfg = Release|Win32
		{EEAE7A95-39FC-4EB5-B9C8-BAB77BE700F1}.Release|x86.Build.0 = Release|Win32
		{5EAE5844-A0FA-4544-8A59-190F7AB3E3D2}.Debug|x64.ActiveCfg = Debug|x64
		{5EAE5844-A0FA-4544-8A59-190F7AB3E3D2}.Debug|x64.Build.0 = Debug|x64
		{5EAE5844-A0FA-4544-8A59-190F7AB3E3D2}.Debug|x86.ActiveCfg = Debug|Win32
		{5EAE5844-A0FA-4544-8A59-190F7AB3E3D2}.Debug|x86.Build.0 = Debug|Win32
		{5EAE5844-A0FA-4544-8A59-190F7AB3E3D2}.Release|x64.ActiveCfg = Release|x64
		{5EAE5844-A0FA-4544-8A59-190F7AB3E3D2}.Release|x64.Build.0 = Release|x64
		{5EAE5844-A0FA-4544-8A59-190F7AB3E3D2}.Release|x86.ActiveCfg = Release|Win32
		{5EAE5844-A0FA-4544-8A59-190F7AB3E3D2}.Release|x86.Build.0 = Release|Win32
		{1031B763-B424-4087-B136-43B189F493C0}.Debug|x64.ActiveCfg = Debug|x64
		{1031B763-B424-4087-B136-43B189F493C0}.Debug|x64.Build.0 = Debug|x64
		{1031B763-B424-4087-B136-43B189F493C0}.Debug|x86.ActiveCfg = Debug|Win32
		{1031B763-B424-4087-B136-43B189F493C0}.Debug|x86.Build.0 = Debug|Win32
		{1031B763-B424-4087-B136-43B189F493C0}.Release|x64.ActiveCfg = Release|x64
		{1031B763-B424-4087-B136-43B189F493C0}.Release|x64.Build.0 = Release|x64
		{1031B763-B424-4087-B136-43B189F493C0}.Release|x86.ActiveCfg = Release|Win32
		{1031B763-B424-4087-B136-43B189F493C0}.Release|x86.Build.0 = Release|Win32
		{90D49FBC-31B3-4208-8A21-C5A5BB421D30}.Debug|x64.ActiveCfg = Debug|x64
		{90D49FBC-31B3-4208-8A21-C5A5BB421D30}.Debug|x64.Build.0 = Debug|x64
		{90D49FBC-31B3-4208-8A21-C5A5BB421D30}.Debug|x86.ActiveCfg = Debug|Win32
		{90D49FBC-31B3-4208-8A21-C5A5BB421D30}.Debug|x86.Build.0 = Debug|Win32
		{90D49FBC-31B3-4208-8A21-C5A5BB421D30}.Release|x64.ActiveCfg = Release|x64
		{90D49FBC-31B3-4208-8A21-C5A5BB421D30}.Release|x64.Build.0 = Release|x64
		{90D49FBC-31B3-4208-8A21-C5A5BB421D30}.Release|x86.ActiveCfg = Release|Win32
		{90D49FBC-31B3-4208-8A21-C5A5BB421D30}.Release|x86.Build.0 = Release|Win32
		{50C59D8C-43ED-4FD1-9AF3-2B3493E004E7}.Debug|x64.ActiveCfg = Debug|x64
		{50C59D8C-43ED-4FD1-9AF3-2B3493E004E7}.Debug|x64.Build.0 = Debug|x64
		{50C59D8C-43ED-4FD1-9AF3-2B3493E004E7}.Debug|x86.ActiveCfg = Debug|Win32
		{50C59D8C-43ED-4FD1-9AF3-2B3493E004E7}.Debug|x86.Build.0 = Debug|Win32
		{50C59D8C-43ED-4FD1-9AF3-2B3493E004E7}.Release|x64.ActiveCfg = Release|x64
		{50C59D8C-43ED-4FD1-9AF3-2B3493E004E7}.Release|x64.Build.0 = Release|x64
		{50C59D8C-43ED-4FD1-9AF3-2B3493E004E7}.Release|x86.ActiveCfg = Release|Win32
		{50C59D8C-43ED-4FD1-9AF3-2B3493E004E7}.Release|x86.Build.0 = Release|Win32
		{CEFF4AA3-FEC9-4E2C-A6AA-1B0509E80642}.Debug|x64.ActiveCfg = Debug|x64
		{CEFF4AA3-FEC9-4E2C-A6AA-1B0509E80642}.Debug|x64.Build.0 = Debug|x64
		{CEFF4AA3-FEC9-4E2C-A6AA-1B0509E80642}.Debug|x86.ActiveCfg = Debug|Win32
		{CEFF4AA3-FEC9-4E2C-A6AA-1B0509E80642}.Debug|x86.Build.0 = Debug|Win32
		{CEFF4AA3-FEC9-4E2C-A6AA-1B0509E80642}.Release|x64.ActiveCfg = Release|x64
		{CEFF4AA3-FEC9-4E2C-A6AA-1B0509E80642}.Release|x64.Build.0 = Release|x64
		{CEFF4AA3-FEC9-4E2C-A6AA-1B0509E80642}.Release|x86.ActiveCfg = Release|Win32
		{CEFF4AA3-FEC9-4E2C-A6AA-1B0509E80642}.Release|x86.Build.0 = Release|Win32
		{CCF16E4B-2955-4215-9339-9AB1C11CE531}.Debug|x64.ActiveCfg = Debug|x64
		{CCF16E4B-2955-4215-9339-9AB1C11CE531}.Debug|x64.Build.0 = Debug|x64
		{CCF16E4B-2955-4215-9339-9AB1C11CE531}.Debug|x86.ActiveCfg = Debug|Win32
		{CCF16E4B-2955-4215-9339-9AB1C11CE531}.Debug|x86.Build.0 = Debug|Win32
		{CCF16E4B-2955-4215-9339-9AB1C11CE531}.Release|x64.ActiveCfg = Release|x64
		{CCF16E4B-2955-4215-9339-9AB1C11CE531}.Release|x64.Build.0 = Release|x64
		{CCF16E4B-2955-4215-9339-9AB1C11CE531}.Release|x86.ActiveCfg = Release|Win32
		{CCF16E4B-2955-4215-9339-9AB1C11CE531}.Release|x86.Build.0 = Release|Win32
		{84DBC9BB-3B34-4BF9-AA13-81078B02AC49}.Debug|x64.ActiveCfg = Debug|x64
		{84DBC9BB-3B34-4BF9-AA13-81078B02AC49}.Debug|x64.Build.0 = Debug|x64
		{84DBC9BB-3B34-4BF9-AA13-81078B02AC49}.Debug|x86.ActiveCfg = Debug|Win32
		{84DBC9BB-3B34-4BF9-AA13-81078B02AC49}.Debug|x86.Build.0 = Debug|Win32
		{84DBC9BB-3B34-4BF9-AA13-81078B02AC49}.Release|x64.ActiveCfg = Release|x64
		{84DBC9BB-3B34-4BF9-AA13-81078B02AC49}.Release|x64.Build.0 = Release|x64
		{84DBC9BB-3B34-4BF9-AA13-81078B02AC49}.Release|x86.ActiveCfg = Release|Win32
		{84DBC9BB-3B34-4BF9-AA13-81078B02AC49}.Release|x86.Build.0 = Release|Win32
		{4EFAA3A7-A517-494B-8276-84E84A296C18}.Debug|x64.ActiveCfg = Debug|x64
		{4EFAA3A7-A517-494B-8276-84E84A296C18}.Debug|x64.Build.0 = Debug|x64
		{4EFAA3A7-A517-494B-8276-84E84A296C18}.Debug|x86.ActiveCfg = Debug|Win32
		{4EFAA3A7-A517-494B-8276-84E84A296C18}.Debug|x86.Build.0 = Debug|Win32
		{4EFAA3A7-A517-494B-8276-84E84A296C18}.Release|x64.ActiveCfg = Release|x64
		{4EFAA3A7-A517-494B-8276-84E84A296C18}.Release|x64.Build.0 = Release|x64
		{4EFAA3A7-A517-494B-8276-84E84A296C18}.Release|x86.ActiveCfg = Release|Win32
		{4EFAA3A7-A517-494B-8276-84E84A296C18}.Release|x86.Build.0 = Release|Win32
		{06AA77DD-62B4-4A3E-B39E-94A45E597CE6}.Debug|x64.ActiveCfg = Debug|x64
		{06AA77DD-62B4-4A3E-B39E-94A45E597CE6}.Debug|x64.Build.0 = Debug|x64
		{06AA77DD-62B4-4A3E-B39E-94A45E597CE6}.Debug|x86.ActiveCfg = Debug|Win32
		{06AA77DD-62B4-4A3E-B39E-94A45E597CE6}.Debug|x86.Build.0 = Debug|Win32
		{06AA77DD-62B4-4A3E-B39E-94A45E597CE6}.Release|x64.ActiveCfg = Release|x64
		{06AA77DD-62B4-4A3E-B39E-94A45E597CE6}.Release|x64.Build.0 = Release|x64
		{06AA77DD-62B4-4A3E-B39E-94A45E597CE6}.Release|x86.ActiveCfg = Release|Win32
		{06AA77DD-62B4-4A3E-B39E-94A45E597CE6}.Release|x86.Build.0 = Release|Win32
		{5652464A-3FA8-49AE-BC51-FCB3BD5B7567}.Debug|x64.ActiveCfg = Debug|x64
		{5652464A-3FA8-49AE-BC51-FCB3BD5B7567}.Debug|x64.Build.0 = Debug|x64
		{5652464A-3FA8-49AE-BC51-FCB3BD5B7567}.Debug|x86.ActiveCfg = Debug|Win32
		{5652464A-3FA8-49AE-BC51-FCB3BD5B7567}.Debug|x86.Build.0 = Debug|Win32
		{5652464A-3FA8-49AE-BC51-FCB3BD5B7567}.Release|x64.ActiveCfg = Release|x64
		{5652464A-3FA8-49AE-BC51-FCB3BD5B7567}.Release|x64.Build.0 = Release|x64
		{5652464A-3FA8-49AE-BC51-FCB3BD5B7567}.Release|x86.ActiveCfg = Release|Win32
		{5652464A-3FA8-49AE-BC51-FCB3BD5B7567}.Release|x86.Build.0 = Release|Win32
		{361E9189-CD75-4265-8F32-0ABE7FB92ACE}.Debug|x64.ActiveCfg = Debug|x64
		{361E9189-CD75-4265-8F32-0ABE7FB92ACE}.Debug|x64.Build.0 = Debug|x64
		{361E9189-CD75-4265-8F32-0ABE7FB92ACE}.Debug|x86.ActiveCfg = Debug|Win32
		{361E9189-CD75-4265-8F32-0ABE7FB92ACE}.Debug|x86.Build.0 = Debug|Win32
		{361E9189-CD75-4265-8F32-0ABE7FB92ACE}.Release|x64.ActiveCfg = Release|x64
		{361E9189-CD75-4265-8F32-0ABE7FB92ACE}.Release|x64.Build.0 = Release|x64
		{361E9189-CD75-4265-8F32-0ABE7FB92ACE}.Release|x86.ActiveCfg = Release|Win32
		{361E9189-CD75-4265-8F32-0ABE7FB92ACE}.Release|x86.Build.0 = Release|Win32
		{CB2826D8-C1F8-4AE8-9326-4902C14CE151}.Debug|x64.ActiveCfg = Debug|x64
		{CB2826D8-C1F8-4AE8-9326-4902C14CE151}.Debug|x64.Build.0 = Debug|x64
		{CB2826D8-C1F8-4AE8-9326-4902C14CE151}.Debug|x86.ActiveCfg = Debug|Win32
		{CB2826D8-C1F8-4AE8-9326-4902C14CE151}.Debug|x86.Build.0 = Debug|Win32
		{CB2826D8-C1F8-4AE8-9326-4902C14CE151}.Release|x64.ActiveCfg = Release|x64
		{CB2826D8-C1F8-4AE8-9326-4902C14CE151}.Release|x64.Build.0 = Release|x64
		{CB2826D8-C1F8-4AE8-9326-4902C14CE151}.Release|x86.ActiveCfg = Release|Win32
		{CB2826D8-C1F8-4AE8-9326-4902C14CE151}.Release|x86.Build.0 = Release|Win32
		{7E384EFA-73BA-4D7D-ADB3-28418F4917FE}.Debug|x64.ActiveCfg = Debug|x64
		{7E384EFA-73BA-4D7D-ADB3-28418F4917FE}.Debug|x64.Build.0 = Debug|x64
		{7E384EFA-73BA-4D7D-ADB3-28418F4917FE}.Debug|x86.ActiveCfg = Debug|Win32
		{7E384EFA-73BA-4D7D-ADB3-28418F4917FE}.Debug|x86.Build.0 = Debug|Win32
		{7E384EFA-73BA-4D7D-ADB3-28418F4917FE}.Release|x64.ActiveCfg = Release|x64
		{7E384EFA-73BA-4D7D-ADB3-28418F4917FE}.Release|x64.Build.0 = Release|x64
		{7E384EFA-73BA-4D7D-ADB3-28418F4917FE}.Release|x86.ActiveCfg = Release|Win32
		{7E384EFA-73BA-4D7D-ADB3-28418F4917FE}.Release|x86.Build.0 = Release|Win32
		{DF036DC5-65E6-4E89-AFE3-0E9969CB01DF}.Debug|x64.ActiveCfg = Debug|x64
		{DF036DC5-65E6-4E89-AFE3-0E9969CB01DF}.Debug|x64.Build.0 = Debug|x64
		{DF036DC5-65E6-4E89-AFE3-0E9969CB01DF}.Debug|x86.ActiveCfg = Debug|Win32
		{DF036DC5-65E6-4E89-AFE3-0E9969CB01DF}.Debug|x86.Build.0 = Debug|Win32
		{DF036DC5-65E6-4E89-AFE3-0E9969CB01DF}.Release|x64.ActiveCfg = Release|x64
		{DF036DC5-65E6-4E89-AFE3-0E9969CB01DF}.Release|x64.Build.0 = Release|x64
		{DF036DC5-65E6-4E89-AFE3-0E9969CB01DF}.Release|x86.ActiveCfg = Release|Win32
		{DF036DC5-65E6-4E89-AFE3-0E9969CB01DF}.Release|x86.Build.0 = Release|Win32
		{80AF47DA-A80C-44CA-9E94-FA65AA49B7BC}.Debug|x64.ActiveCfg = Debug|x64
		{80AF47DA-A80C-44CA-9E94-FA65AA49B7BC}.Debug|x64.Build.0 = Debug|x64
		{80AF47DA-A80C-44CA-9E94-FA65AA49B7BC}.Debug|x86.ActiveCfg = Debug|Win32
		{80AF47DA-A80C-44CA-9E94-FA65AA49B7BC}.Debug|x86.Build.0 = Debug|Win32
		{80AF47DA-A80C-44CA-9E94-FA65AA49B7BC}.Release|x64.ActiveCfg = Release|x64
		{80AF47DA-A80C-44CA-9E94-FA65AA49B7BC}.Release|x64.Build.0 = Release|x64
		{80AF47DA-A80C-44CA-9E94-FA65AA49B7BC}.Release|x86.ActiveCfg = Release|Win32
		{80AF47DA-A80C-44CA-9E94-FA65AA49B7BC}.Release|x86.Build.0 = Release|Win32
		{0AF1EC41-305D-48CF-A0A8-705417D15C8C}.Debug|x64.ActiveCfg = Debug|x64
		{0AF1EC41-305D-48CF-A0A8-705417D15C8C}.Debug|x64.Build.0 = Debug|x64
		{0AF1EC41-305D-48CF-A0A8-705417D15C8C}.Debug|x86.ActiveCfg = Debug|Win32
		{0AF1EC41-305D-48CF-A0A8-705417D15C8C}.Debug|x86.Build.0 = Debug|Win32
		{0AF1EC41-305D-48CF-A0A8-705417D15C8C}.Release|x64.ActiveCfg = Release|x64
		{0AF1EC41-305D-48CF-A0A8-705417D15C8C}.Release|x64.Build.0 = Release|x64
		{0AF1EC41-305D-48CF-A0A8-705417D15C8C}.Release|x86.ActiveCfg = Release|Win32
		{0AF1EC41-305D-48CF-A0A8-705417D15C8C}.Release|x86.Build.0 = Release|Win32
		{3773D2A4-457B-4C2D-B57F-3834346B3CE4}.Debug|x64.ActiveCfg = Debug|x64
		{3773D2A4-457B-4C2D-B57F-3834346B3CE4}.Debug|x64.Build.0 = Debug|x64
		{3773D2A4-457B-4C2D-B57F-3834346B3CE4}.Debug|x86.ActiveCfg = Debug|Win32
		{3773D2A4-457B-4C2D-B57F-3834346B3CE4}.Debug|x86.Build.0 = Debug|Win32
		{3773D2A4-457B-4C2D-B57F-3834346B3CE4}.Release|x64.ActiveCfg = Release|x64
		{3773D2A4-457B-4C2D-B57F-3834346B3CE4}.Release|x64.Build.0 = Release|x64
		{3773D2A4-457B-4C2D-B57F-3834346B3CE4}.Release|x86.ActiveCfg = Release|Win32
		{3773D2A4-457B-4C2D-B57F-3834346B3CE4}.Release|x86.Build.0 = Release|Win32
		{A0885239-3783-40D8-8C48-80D9288C73B5}.Debug|x64.ActiveCfg = Debug|x64
		{A0885239-3783-40D8-8C48-80D9288C73B5}.Debug|x64.Build.0 = Debug|x64
		{A0885239-3783-40D8-8C48-80D9288C73B5}.Debug|x86.ActiveCfg = Debug|Win32
		{A0885239-3783-40D8-8C48-80D9288C73B5}.Debug|x86.Build.0 = Debug|Win32
		{A0885239-3783-40D8-8C48-80D9288C73B5}.Release|x64.ActiveCfg = Release|x64
		{A0885239-3783-40D8-8C48-80D9288C73B5}.Release|x64.Build.0 = Release|x64
		{A0885239-3783-40D8-8C48-80D9288C73B5}.Release|x86.ActiveCfg = Release|Win32
		{A0885239-3783-40D8-8C48-80D9288C73B5}.Release|x86.Build.0 = Release|Win32
		{0AF7A96F-306B-43F9-BB59-517AD8FE7219}.Debug|x64.ActiveCfg = Debug|x64
		{0AF7A96F-306B-43F9-BB59-517AD8FE7219}.Debug|x64.Build.0 = Debug|x64
		{0AF7A96F-306B-43F9-BB59-517AD8FE7219}.Debug|x86.ActiveCfg = Debug|Win32
		{0AF7A96F-306B-43F9-BB59-517AD8FE7219}.Debug|x86.Build.0 = Debug|Win32
		{0AF7A96F-306B-43F9-BB59-517AD8FE7219}.Release|x64.ActiveCfg = Release|x64
		{0AF7A96F-306B-43F9-BB59-517AD8FE7219}.Release|x64.Build.0 = Release|x64
		{0AF7A96F-306B-43F9-BB59-517AD8FE7219}.Release|x86.ActiveCfg = Release|Win32
		{0AF7A96F-306B-43F9-BB59-517AD8FE7219}.Release|x86.Build.0 = Release|Win32
		{DCFCE33B-6740-45D2-BA58-C50FDC5A1AB8}.Debug|x64.ActiveCfg = Debug|x64
		{DCFCE33B-6740-45D2-BA58-C50FDC5A1AB8}.Debug|x64.Build.0 = Debug|x64
		{DCFCE33B-6740-45D2-BA58-C50FDC5A1AB8}.Debug|x86.ActiveCfg = Debug|Win32
		{DCFCE33B-6740-45D2-BA58-C50FDC5A1AB8}.Debug|x86.Build.0 = Debug|Win32
		{DCFCE33B-6740-45D2-BA58-C50FDC5A1AB8}.Release|x64.ActiveCfg = Release|x64
		{DCFCE33B-6740-45D2-BA58-C50FDC5A1AB8}.Release|x64.Build.0 = Release|x64
		{DCFCE33B-6740-45D2-BA58-C50FDC5A1AB8}.Release|x86.ActiveCfg = Release|Win32
		{DCFCE33B-6740-45D2-BA58-C50FDC5A1AB8}.Release|x86.Build.0 = Release|Win32
		{AFB93EFD-B99E-45F5-A52D-44C7163BA7C8}.Debug|x64.ActiveCfg = Debug|x64
		{AFB93EFD-B99E-45F5-A52D-44C7163BA7C8}.Debug|x64.Build.0 = Debug|x64
		{AFB93EFD-B99E-45F5-A52D-44C7163BA7C8}.Debug|x86.ActiveCfg = Debug|Win32
		{AFB93EFD-B99E-45F5-A52D-44C7163BA7C8}.Debug|x86.Build.0 = Debug|Win32
		{AFB93EFD-B99E-45F5-A52D-44C7163BA7C8}.Release|x64.ActiveCfg = Release|x64
		{AFB93EFD-B99E-45F5-A52D-44C7163BA7C8}.Release|x64.Build.0 = Release|x64
		{AFB93EFD-B99E-45F5-A52D-44C7163BA7C8}.Release|x86.ActiveCfg = Release|Win32
		{AFB93EFD-B99E-45F5-A52D-44C7163BA7C8}.Release|x86.Build.0 = Release|Win32
		{80AA18EB-A2D6-4ECE-89B5-DDF0B9DBAEFE}.Debug|x64.ActiveCfg = Debug|x64
		{80AA18EB-A2D6-4ECE-89B5-DDF0B9DBAEFE}.Debug|x64.Build.0 = Debug|x64
		{80AA18EB-A2D6-4ECE-89B5-DDF0B9DBAEFE}.Debug|x86.ActiveCfg = Debug|Win32
		{80AA18EB-A2D6-4ECE-89B5-DDF0B9DBAEFE}.Debug|x86.Build.0 = Debug|Win32
		{80AA18EB-A2D6-4ECE-89B5-DDF0B9DBAEFE}.Release|x64.ActiveCfg = Release|x64
		{80AA18EB-A2D6-4ECE-89B5-DDF0B9DBAEFE}.Release|x64.Build.0 = Release|x64
		{80AA18EB-A2D6-4ECE-89B5-DDF0B9DBAEFE}.Release|x86.ActiveCfg = Release|Win32
		{80AA18EB-A2D6-4ECE-89B5-DDF0B9DBAEFE}.Release|x86.Build.0 = Release|Win32
		{1703528A-BCE2-4909-8160-6DABF4D23484}.Debug|x64.ActiveCfg = Debug|x64
		{1703528A-BCE2-4909-8160-6DABF4D23484}.Debug|x64.Build.0 = Debug|x64
		{1703528A-BCE2-4909-8160-6DABF4D23484}.Debug|x86.ActiveCfg = Debug|Win32
		{1703528A-BCE2-4909-8160-6DABF4D23484}.Debug|x86.Build.0 = Debug|Win32
		{1703528A-BCE2-4909-8160-6DABF4D23484}.Release|x64.ActiveCfg = Release|x64
		{1703528A-BCE2-4909-8160-6DABF4D23484}.Release|x64.Build.0 = Release|x64
		{1703528A-BCE2-4909-8160-6DABF4D23484}.Release|x86.ActiveCfg = Release|Win32
		{1703528A-BCE2-4909-8160-6DABF4D23484}.Release|x86.Build.0 = Release|Win32
		{EF6CDC8D-A6B2-488A-85F8-0112D8282099}.Debug|x64.ActiveCfg = Debug|x64
		{EF6CDC8D-A6B2-488A-85F8-0112D8282099}.Debug|x64.Build.0 = Debug|x64
		{EF6CDC8D-A6B2-488A-85F8-0112D8282099}.Debug|x86.ActiveCfg = Debug|Win32
		{EF6CDC8D-A6B2-488A-85F8-0112D8282099}.Debug|x86.Build.0 = Debug|Win32
		{EF6CDC8D-A6B2-488A-85F8-0112D8282099}.Release|x64.ActiveCfg = Release|x64
		{EF6CDC8D-A6B2-488A-85F8-0112D8282099}.Release|x64.Build.0 = Release|x64
		{EF6CDC8D-A6B2-488A-85F8-0112D8282099}.Release|x86.ActiveCfg = Release|Win32
		{EF6CDC8D-A6B2-488A-85F8-0112D8282099}.Release|x86.Build.0 = Release|Win32
		{0FCD3FAE-6194-4A4A-94FE-5F49A049EF44}.Debug|x64.ActiveCfg = Debug|x64
		{0FCD3FAE-6194-4A4A-94FE-5F49A049EF44}.Debug|x64.Build.0 = Debug|x64
		{0FCD3FAE-6194-4A4A-94FE-5F49A049EF44}.Debug|x86.ActiveCfg = Debug|Win32
		{0FCD3FAE-6194-4A4A-94FE-5F49A049EF44}.Debug|x86.Build.0 = Debug|Win32
		{0FCD3FAE-6194-4A4A-94FE-5F49A049EF44}.Release|x64.ActiveCfg = Release|x64
		{0FCD3FAE-6194-4A4A-94FE-5F49A049EF44}.Release|x64.Build.0 = Release|x64
		{0FCD3FAE-6194-4A4A-94FE-5F49A049EF44}.Release|x86.ActiveCfg = Release|Win32
		{0FCD3FAE-6194-4A4A-94FE-5F49A049EF44}.Release|x86.Build.0 = Release|Win32
		{A5AE54EC-5F72-457B-B325-BEE4B0B051BB}.Debug|x64.ActiveCfg = Debug|x64
		{A5AE54EC-5F72-457B-B325-BEE4B0B051BB}.Debug|x64.Build.0 = Debug|x64
		{A5AE54EC-5F72-457B-B325-BEE4B0B051BB}.Debug|x86.ActiveCfg = Debug|Win32
		{A5AE54EC-5F72-457B-B325-BEE4B0B051BB}.Debug|x86.Build.0 = Debug|Win32
		{A5AE54EC-5F72-457B-B325-BEE4B0B051BB}.Release|x64.ActiveCfg = Release|x64
		{A5AE54EC-5F72-457B-B325-BEE4B0B051BB}.Release|x64.Build.0 = Release|x64
		{A5AE54EC-5F72-457B-B325-BEE4B0B051BB}.Release|x86.ActiveCfg = Release|Win32
		{A5AE54EC-5F72-457B-B325-BEE4B0B051BB}.Release|x86.Build.0 = Release|Win32
		{5DBC55EB-4FAE-4508-B2E8-E1BCD5996FDB}.Debug|x64.ActiveCfg = Debug|x64
		{5DBC55EB-4FAE-4508-B2E8-E1BCD5996FDB}.Debug|x64.Build.0 = Debug|x64
		{5DBC55EB-4FAE-4508-B2E8-E1BCD5996FDB}.Debug|x86.ActiveCfg = Debug|Win32
		{5DBC55EB-4FAE-4508-B2E8-E1BCD5996FDB}.Debug|x86.Build.0 = Debug|Win32
		{5DBC55EB-4FAE-4508-B2E8-E1BCD5996FDB}.Release|x64.ActiveCfg = Release|x64
		{5DBC55EB-4FAE-4508-B2E8-E1BCD5996FDB}.Release|x64.Build.0 = Release|x64
		{5DBC55EB-4FAE-4508-B2E8-E1BCD5996FDB}.Release|x86.ActiveCfg = Release|Win32
		{5DBC55EB-4FAE-4508-B2E8-E1BCD5996FDB}.Release|x86.Build.0 = Release|Win32
		{CD9087BF-2C38-4CC5-8B12-E05DEB828578}.Debug|x64.ActiveCfg = Debug|x64
		{CD9087BF-2C38-4CC5-8B12-E05DEB828578}.Debug|x64.Build.0 = Debug|x64
		{CD9087BF-2C38-4CC5-8B12-E05DEB828578}.Debug|x86.ActiveCfg = Debug|Win32
		{CD9087BF-2C38-4CC5-8B12-E05DEB828578}.Debug|x86.Build.0 = Debug|Win32
		{CD9087BF-2C38-4CC5-8B12-E05DEB828578}.Release|x64.ActiveCfg = Release|x64
		{CD9087BF-2C38-4CC5-8B12-E05DEB828578}.Release|x64.Build.0 = Release|x64
		{CD9087BF-2C38-4CC5-8B12-E05DEB828578}.Release|x86.ActiveCfg = Release|Win32
		{CD9087BF-2C38-4CC5-8B12-E05DEB828578}.Release|x86.Build.0 = Release|Win32
		{9FF9D0F5-3D75-4A5E-B9FD-3F0F1C91E5AC}.Debug|x64.ActiveCfg = Debug|x64
		{9FF9D0F5-3D75-4A5E-B9FD-3F0F1C91E5AC}.Debug|x64.Build.0 = Debug|x64
		{9FF9D0F5-3D75-4A5E-B9FD-3F0F1C91E5AC}.Debug|x86.ActiveCfg = Debug|Win32
		{9FF9D0F5-3D75-4A5E-B9FD-3F0F1C91E5AC}.Debug|x86.Build.0 = Debug|Win32
		{9FF9D0F5-3D75-4A5E-B9FD-3F0F1C91E5AC}.Release|x64.ActiveCfg = Release|x64
		{9FF9D0F5-3D75-4A5E-B9FD-3F0F1C91E5AC}.Release|x64.Build.0 = Release|x64
		{9FF9D0F5-3D75-4A5E-B9FD-3F0F1C91E5AC}.Release|x86.ActiveCfg = Release|Win32
		{9FF9D0F5-3D75-4A5E-B9FD-3F0F1C91E5AC}.Release|x86.Build.0 = Release|Win32
		{1377D36E-7407-4547-9846-0EC89CB3BA0D}.Debug|x64.ActiveCfg = Debug|x64
		{1377D36E-7407-4547-9846-0EC89CB3BA0D}.Debug|x64.Build.0 = Debug|x64
		{1377D36E-7407-4547-9846-0EC89CB3BA0D}.Debug|x86.ActiveCfg = Debug|Win32
		{1377D36E-7407-4547-9846-0EC89CB3BA0D}.Debug|x86.Build.0 = Debug|Win32
		{1377D36E-7407-4547-9846-0EC89CB3BA0D}.Release|x64.ActiveCfg = Release|x64
		{1377D36E-7407-4547-9846-0EC89CB3BA0D}.Release|x64.Build.0 = Release|x64
		{1377D36E-7407-4547-9846-0EC89CB3BA0D}.Release|x86.ActiveCfg = Release|Win32
		{1377D36E-7407-4547-9846-0EC89CB3BA0D}.Release|x86.Build.0 = Release|Win32
		{A278A1C3-AC5B-4C04-A886-909BA7116C57}.Debug|x64.ActiveCfg = Debug|x64
		{A278A1C3-AC5B-4C04-A886-909BA7116C57}.Debug|x64.Build.0 = Debug|x64
		{A278A1C3-AC5B-4C04-A886-909BA7116C57}.Debug|x86.ActiveCfg = Debug|Win32
		{A278A1C3-AC5B-4C04-A886-909BA7116C57}.Debug|x86.Build.0 = Debug|Win32
		{A278A1C3-AC5B-4C04-A886-909BA7116C57}.Release|x64.ActiveCfg = Release|x64
		{A278A1C3-AC5B-4C04-A886-909BA7116C57}.Release|x64.Build.0 = Release|x64
		{A278A1C3-AC5B-4C04-A886-909BA7116C57}.Release|x86.ActiveCfg = Release|Win32
		{A278A1C3-AC5B-4C04-A886-909BA7116C57}.Release|x86.Build.0 = Release|Win32
		{2240E8AC-A7A0-4706-8CD5-9E6764572039}.Debug|x64.ActiveCfg = Debug|x64
		{2240E8AC-A7A0-4706-8CD5-9E6764572039}.Debug|x64.Build.0 = Debug|x64
		{2240E8AC-A7A0-4706-8CD5-9E6764572039}.Debug|x86.ActiveCfg = Debug|Win32
		{2240E8AC-A7A0-4706-8CD5-9E6764572039}.Debug|x86.Build.0 = Debug|Win32
		{2240E8AC-A7A0-4706-8CD5-9E6764572039}.Release|x64.ActiveCfg = Release|x64
		{2240E8AC-A7A0-4706-8CD5-9E6764572039}.Release|x64.Build.0 = Release|x64
		{2240E8AC-A7A0-4706-8CD5-9E6764572039}.Release|x86.ActiveCfg = Release|Win32
		{2240E8AC-A7A0-4706-8CD5-9E6764572039}.Release|x86.Build.0 = Release|Win32
		{4E8A9A43-CA65-4058-8FA5-FCAB51472144}.Debug|x64.ActiveCfg = Debug|x64
		{4E8A9A43-CA65-4058-8FA5-FCAB51472144}.Debug|x64.Build.0 = Debug|x64
		{4E8A9A43-CA65-4058-8FA5-FCAB51472144}.Debug|x86.ActiveCfg = Debug|Win32
		{4E8A9A43-CA65-4058-8FA5-FCAB51472144}.Debug|x86.Build.0 = Debug|Win32
		{4E8A9A43-CA65-4058-8FA5-FCAB51472144}.Release|x64.ActiveCfg = Release|x64
		{4E8A9A43-CA65-4058-8FA5-FCAB51472144}.Release|x64.Build.0 = Release|x64
		{4E8A9A43-CA65-4058-8FA5-FCAB51472144}.Release|x86.ActiveCfg = Release|Win32
		{4E8A9A43-CA65-4058-8FA5-FCAB51472144}.Release|x86.Build.0 = Release|Win32
	EndGlobalSection
	GlobalSection(SolutionProperties) = preSolution
		HideSolutionNode = FALSE
	EndGlobalSection
EndGlobal
